<?xml version="1.0" encoding="utf-8"?>
<Project ToolsVersion="4.0" xmlns="http://schemas.microsoft.com/developer/msbuild/2003">
  <ItemGroup>
    <Filter Include="來源檔案">
      <UniqueIdentifier>{4FC737F1-C7A5-4376-A066-2A32D752A2FF}</UniqueIdentifier>
      <Extensions>cpp;c;cc;cxx;def;odl;idl;hpj;bat;asm;asmx</Extensions>
    </Filter>
    <Filter Include="標頭檔">
      <UniqueIdentifier>{93995380-89BD-4b04-88EB-625FBE52EBFB}</UniqueIdentifier>
      <Extensions>h;hh;hpp;hxx;hm;inl;inc;ipp;xsd</Extensions>
    </Filter>
    <Filter Include="資源檔">
      <UniqueIdentifier>{67DA6AB6-F800-4c08-8B7A-83BB121AAD01}</UniqueIdentifier>
      <Extensions>rc;ico;cur;bmp;dlg;rc2;rct;bin;rgs;gif;jpg;jpeg;jpe;resx;tiff;tif;png;wav;mfcribbon-ms</Extensions>
    </Filter>
  </ItemGroup>
  <ItemGroup>
    <ClInclude Include="..\adaptive_algorithm.h">
      <Filter>標頭檔</Filter>
    </ClInclude>
    <ClInclude Include="..\connectargsdlg.h">
      <Filter>標頭檔</Filter>
    </ClInclude>
    <ClInclude Include="..\define.h">
      <Filter>標頭檔</Filter>
    </ClInclude>
    <ClInclude Include="..\enumserial.h">
      <Filter>標頭檔</Filter>
    </ClInclude>
    <ClInclude Include="..\FFT.h">
      <Filter>標頭檔</Filter>
    </ClInclude>
    <ClInclude Include="..\FIR.h">
      <Filter>標頭檔</Filter>
    </ClInclude>
    <ClInclude Include="..\HC_Chen_detect.h">
      <Filter>標頭檔</Filter>
    </ClInclude>
    <ClInclude Include="..\HRV.h">
      <Filter>標頭檔</Filter>
    </ClInclude>
    <ClInclude Include="..\mathplot.h">
      <Filter>標頭檔</Filter>
    </ClInclude>
    <ClInclude Include="..\Pan_Tompkins_detect.h">
      <Filter>標頭檔</Filter>
    </ClInclude>
    <ClInclude Include="..\serialport.h">
      <Filter>標頭檔</Filter>
    </ClInclude>
    <ClInclude Include="..\So_Chen_detect.h">
      <Filter>標頭檔</Filter>
    </ClInclude>
    <ClInclude Include="..\dirent.h">
      <Filter>標頭檔</Filter>
    </ClInclude>
  </ItemGroup>
  <ItemGroup>
    <ClCompile Include="..\adaptive_algorithm.cpp">
      <Filter>來源檔案</Filter>
    </ClCompile>
    <ClCompile Include="..\connectargsdlg.cpp">
      <Filter>來源檔案</Filter>
    </ClCompile>
    <ClCompile Include="..\enumserial.cpp">
      <Filter>來源檔案</Filter>
    </ClCompile>
    <ClCompile Include="..\FFT.cpp">
      <Filter>來源檔案</Filter>
    </ClCompile>
    <ClCompile Include="..\FIR.cpp">
      <Filter>來源檔案</Filter>
    </ClCompile>
    <ClCompile Include="..\HC_Chen_detect.cpp">
      <Filter>來源檔案</Filter>
    </ClCompile>
    <ClCompile Include="..\main.cpp">
      <Filter>來源檔案</Filter>
    </ClCompile>
    <ClCompile Include="..\mathplot.cpp">
      <Filter>來源檔案</Filter>
    </ClCompile>
    <ClCompile Include="..\Pan_Tompkins_detect.cpp">
      <Filter>來源檔案</Filter>
    </ClCompile>
    <ClCompile Include="..\serialport.cpp">
      <Filter>來源檔案</Filter>
    </ClCompile>
    <ClCompile Include="..\So_Chen_detect.cpp">
      <Filter>來源檔案</Filter>
    </ClCompile>
  </ItemGroup>
</Project>